
Microsoft Visual Studio Solution File, Format Version 12.00
# Visual Studio Version 16
VisualStudioVersion = 16.0.34931.43
MinimumVisualStudioVersion = 10.0.40219.1
Project("{FAE04EC0-301F-11D3-BF4B-00C04F79EFBC}") = "DepartmentPortel", "DepartmentPortel\DepartmentPortel.csproj", "{8DE2D07F-CE27-4B17-9BAD-94F0D2E11B29}"
EndProject
Global
	GlobalSection(SolutionConfigurationPlatforms) = preSolution
		Debug|Any CPU = Debug|Any CPU
		Release|Any CPU = Release|Any CPU
	EndGlobalSection
	GlobalSection(ProjectConfigurationPlatforms) = postSolution
		{8DE2D07F-CE27-4B17-9BAD-94F0D2E11B29}.Debug|Any CPU.ActiveCfg = Debug|Any CPU
		{8DE2D07F-CE27-4B17-9BAD-94F0D2E11B29}.Debug|Any CPU.Build.0 = Debug|Any CPU
		{8DE2D07F-CE27-4B17-9BAD-94F0D2E11B29}.Release|Any CPU.ActiveCfg = Release|Any CPU
		{8DE2D07F-CE27-4B17-9BAD-94F0D2E11B29}.Release|Any CPU.Build.0 = Release|Any CPU
	EndGlobalSection
	GlobalSection(SolutionProperties) = preSolution
		HideSolutionNode = FALSE
	EndGlobalSection
	GlobalSection(ExtensibilityGlobals) = postSolution
		SolutionGuid = {8FA9052C-3098-44E9-8BC0-77FF311AB40C}
	EndGlobalSection
EndGlobal
